Microsoft Visual Studio Solution File, Format Version 12.00
# Visual Studio Version 17
VisualStudioVersion = 17.5.2.0
MinimumVisualStudioVersion = 10.0.40219.1
Project("{FAE04EC0-301F-11D3-BF4B-00C04F79EFBC}") = "PriceMonitorAPI", "PriceMonitorAPI.csproj", "{83A62EBE-1547-3F46-9660-5973585C8E04}"
EndProject
Global
	GlobalSection(SolutionConfigurationPlatforms) = preSolution
		Debug|Any CPU = Debug|Any CPU
		Release|Any CPU = Release|Any CPU
	EndGlobalSection
	GlobalSection(ProjectConfigurationPlatforms) = postSolution
		{83A62EBE-1547-3F46-9660-5973585C8E04}.Debug|Any CPU.ActiveCfg = Debug|Any CPU
		{83A62EBE-1547-3F46-9660-5973585C8E04}.Debug|Any CPU.Build.0 = Debug|Any CPU
		{83A62EBE-1547-3F46-9660-5973585C8E04}.Release|Any CPU.ActiveCfg = Release|Any CPU
		{83A62EBE-1547-3F46-9660-5973585C8E04}.Release|Any CPU.Build.0 = Release|Any CPU
	EndGlobalSection
	GlobalSection(SolutionProperties) = preSolution
		HideSolutionNode = FALSE
	EndGlobalSection
	GlobalSection(ExtensibilityGlobals) = postSolution
		SolutionGuid = {916CBE03-79C9-4AC4-9269-1D4A52615417}
	EndGlobalSection
EndGlobal
